PODS:
  - APExtensions (7.0.1):
    - APExtensions/Abstractions (= 7.0.1)
    - APExtensions/Core (= 7.0.1)
    - APExtensions/Storyboard (= 7.0.1)
    - APExtensions/ViewConfiguration (= 7.0.1)
  - APExtensions/Abstractions (7.0.1)
  - APExtensions/Core (7.0.1)
  - APExtensions/Storyboard (7.0.1)
  - APExtensions/ViewConfiguration (7.0.1)
  - BaseClasses (4.0.0)
  - FBSnapshotTestCase (2.1.4):
    - FBSnapshotTestCase/SwiftSupport (= 2.1.4)
  - FBSnapshotTestCase/Core (2.1.4)
  - FBSnapshotTestCase/SwiftSupport (2.1.4):
    - FBSnapshotTestCase/Core
  - iOSSnapshotTestCase (5.0.2):
    - iOSSnapshotTestCase/SwiftSupport (= 5.0.2)
  - iOSSnapshotTestCase/Core (5.0.2)
  - iOSSnapshotTestCase/SwiftSupport (5.0.2):
    - iOSSnapshotTestCase/Core
  - KeyboardAvoidingView (5.0.0):
    - ViewState (>= 1.0.0)
  - Nimble (7.3.4)
  - Nimble-Snapshots (6.9.1):
    - Nimble-Snapshots/Core (= 6.9.1)
  - Nimble-Snapshots/Core (6.9.1):
    - iOSSnapshotTestCase (~> 5.0)
    - Nimble (~> 7.0)
  - Quick (2.2.0)
  - StretchScrollView (5.0.0):
    - ViewState (>= 1.0.0)
  - ViewState (1.0.0)

DEPENDENCIES:
  - APExtensions (from `https://github.com/APUtils/APExtensions`, branch `master`)
  - BaseClasses (from `../`)
  - FBSnapshotTestCase
  - KeyboardAvoidingView (from `https://github.com/APUtils/KeyboardAvoidingView`, branch `master`)
  - Nimble
  - Nimble-Snapshots
  - Quick
  - StretchScrollView (from `https://github.com/APUtils/StretchScrollView`, branch `master`)

SPEC REPOS:
  trunk:
    - FBSnapshotTestCase
    - iOSSnapshotTestCase
    - Nimble
    - Nimble-Snapshots
    - Quick
    - ViewState

EXTERNAL SOURCES:
  APExtensions:
    :branch: master
    :git: https://github.com/APUtils/APExtensions
  BaseClasses:
    :path: "../"
  KeyboardAvoidingView:
    :branch: master
    :git: https://github.com/APUtils/KeyboardAvoidingView
  StretchScrollView:
    :branch: master
    :git: https://github.com/APUtils/StretchScrollView

CHECKOUT OPTIONS:
  APExtensions:
    :commit: af6059b8525ecba08fe4c4d7a5eaa46798cd4d4d
    :git: https://github.com/APUtils/APExtensions
  KeyboardAvoidingView:
    :commit: a4b4295581f8f8d1415a85d05e46fc2fad5e5fff
    :git: https://github.com/APUtils/KeyboardAvoidingView
  StretchScrollView:
    :commit: 35759b53a203e806147392633dc94d6c6710c760
    :git: https://github.com/APUtils/StretchScrollView

SPEC CHECKSUMS:
  APExtensions: e0377240c9db7bc42c3b864c039ba70c1b4034a3
  BaseClasses: e75a0ee46c79256b63b6ca207b5918720e54d524
  FBSnapshotTestCase: 094f9f314decbabe373b87cc339bea235a63e07a
  iOSSnapshotTestCase: 2d51aa06775e95cecb0a1fb9c5c159ccd1dd4596
  KeyboardAvoidingView: 93c4f709386c998b7b7f6b405a05c5c3585410a7
  Nimble: 051e3d8912d40138fa5591c78594f95fb172af37
  Nimble-Snapshots: bbd1ab264bacc24a9ce24a8363bc05aac783aeb0
  Quick: 7fb19e13be07b5dfb3b90d4f9824c855a11af40e
  StretchScrollView: 24e5bd834c0f439642540e20c2d45ea707e01185
  ViewState: 78aa77483e74e592c22e841619b853bc686843be

PODFILE CHECKSUM: a0f1fd1f9adc82c750dd723d81ded6862a522bf9

COCOAPODS: 1.8.4
